
Microsoft Visual Studio Solution File, Format Version 12.00
# Visual Studio Version 17
VisualStudioVersion = 17.0.31903.59
MinimumVisualStudioVersion = 10.0.40219.1
Project("{9A19103F-16F7-4668-BE54-9A1E7A4F7556}") = "PawsAndHearts.API", "src\PawsAndHearts.API\PawsAndHearts.API.csproj", "{5D546130-209F-4DF4-8FA5-A68F5F6C1AC1}"
EndProject
Project("{9A19103F-16F7-4668-BE54-9A1E7A4F7556}") = "PawsAndHearts.Domain", "src\PawsAndHearts.Domain\PawsAndHearts.Domain.csproj", "{8BE0F5EF-9D81-4212-9EF9-70B5CF1C81A8}"
EndProject
Project("{9A19103F-16F7-4668-BE54-9A1E7A4F7556}") = "PawsAndHearts.Infrastructure", "src\PawsAndHearts.Infrastructure\PawsAndHearts.Infrastructure.csproj", "{7E35C80A-DA15-448C-8975-217FE381B91C}"
EndProject
Project("{FAE04EC0-301F-11D3-BF4B-00C04F79EFBC}") = "PawsAndHearts.Application", "src\PawsAndHearts.Application\PawsAndHearts.Application.csproj", "{ED725F30-0129-4886-A70B-6FFD51789DFC}"
EndProject
Project("{2150E333-8FDC-42A3-9474-1A3956D46DE8}") = "Solution Items", "Solution Items", "{B502DDE6-8FFF-4129-A3AF-8F06CADADC82}"
	ProjectSection(SolutionItems) = preProject
		docker-compose.yml = docker-compose.yml
	EndProjectSection
EndProject
Project("{FAE04EC0-301F-11D3-BF4B-00C04F79EFBC}") = "PawsAndHearts.Domain.UnitTests", "tests\PawsAndHearts.Domain.UnitTests\PawsAndHearts.Domain.UnitTests.csproj", "{421C6C52-63B1-4E9A-827F-E9D595461942}"
EndProject
Project("{2150E333-8FDC-42A3-9474-1A3956D46DE8}") = "src", "src", "{99133825-187C-4678-A302-9F6347FEF1F2}"
EndProject
Project("{2150E333-8FDC-42A3-9474-1A3956D46DE8}") = "tests", "tests", "{EAF1F545-C9EC-4F11-A541-7A2102497A67}"
EndProject
Project("{FAE04EC0-301F-11D3-BF4B-00C04F79EFBC}") = "PawsAndHearts.Application.UnitTests", "tests\PawsAndHearts.Application.UnitTests\PawsAndHearts.Application.UnitTests.csproj", "{31686AE5-5FC5-4DEA-96B2-41B2D07A79B8}"
EndProject
Global
	GlobalSection(SolutionConfigurationPlatforms) = preSolution
		Debug|Any CPU = Debug|Any CPU
		Release|Any CPU = Release|Any CPU
	EndGlobalSection
	GlobalSection(ProjectConfigurationPlatforms) = postSolution
		{5D546130-209F-4DF4-8FA5-A68F5F6C1AC1}.Debug|Any CPU.ActiveCfg = Debug|Any CPU
		{5D546130-209F-4DF4-8FA5-A68F5F6C1AC1}.Debug|Any CPU.Build.0 = Debug|Any CPU
		{5D546130-209F-4DF4-8FA5-A68F5F6C1AC1}.Release|Any CPU.ActiveCfg = Release|Any CPU
		{5D546130-209F-4DF4-8FA5-A68F5F6C1AC1}.Release|Any CPU.Build.0 = Release|Any CPU
		{8BE0F5EF-9D81-4212-9EF9-70B5CF1C81A8}.Debug|Any CPU.ActiveCfg = Debug|Any CPU
		{8BE0F5EF-9D81-4212-9EF9-70B5CF1C81A8}.Debug|Any CPU.Build.0 = Debug|Any CPU
		{8BE0F5EF-9D81-4212-9EF9-70B5CF1C81A8}.Release|Any CPU.ActiveCfg = Release|Any CPU
		{8BE0F5EF-9D81-4212-9EF9-70B5CF1C81A8}.Release|Any CPU.Build.0 = Release|Any CPU
		{7E35C80A-DA15-448C-8975-217FE381B91C}.Debug|Any CPU.ActiveCfg = Debug|Any CPU
		{7E35C80A-DA15-448C-8975-217FE381B91C}.Debug|Any CPU.Build.0 = Debug|Any CPU
		{7E35C80A-DA15-448C-8975-217FE381B91C}.Release|Any CPU.ActiveCfg = Release|Any CPU
		{7E35C80A-DA15-448C-8975-217FE381B91C}.Release|Any CPU.Build.0 = Release|Any CPU
		{ED725F30-0129-4886-A70B-6FFD51789DFC}.Debug|Any CPU.ActiveCfg = Debug|Any CPU
		{ED725F30-0129-4886-A70B-6FFD51789DFC}.Debug|Any CPU.Build.0 = Debug|Any CPU
		{ED725F30-0129-4886-A70B-6FFD51789DFC}.Release|Any CPU.ActiveCfg = Release|Any CPU
		{ED725F30-0129-4886-A70B-6FFD51789DFC}.Release|Any CPU.Build.0 = Release|Any CPU
		{421C6C52-63B1-4E9A-827F-E9D595461942}.Debug|Any CPU.ActiveCfg = Debug|Any CPU
		{421C6C52-63B1-4E9A-827F-E9D595461942}.Debug|Any CPU.Build.0 = Debug|Any CPU
		{421C6C52-63B1-4E9A-827F-E9D595461942}.Release|Any CPU.ActiveCfg = Release|Any CPU
		{421C6C52-63B1-4E9A-827F-E9D595461942}.Release|Any CPU.Build.0 = Release|Any CPU
		{31686AE5-5FC5-4DEA-96B2-41B2D07A79B8}.Debug|Any CPU.ActiveCfg = Debug|Any CPU
		{31686AE5-5FC5-4DEA-96B2-41B2D07A79B8}.Debug|Any CPU.Build.0 = Debug|Any CPU
		{31686AE5-5FC5-4DEA-96B2-41B2D07A79B8}.Release|Any CPU.ActiveCfg = Release|Any CPU
		{31686AE5-5FC5-4DEA-96B2-41B2D07A79B8}.Release|Any CPU.Build.0 = Release|Any CPU
	EndGlobalSection
	GlobalSection(SolutionProperties) = preSolution
		HideSolutionNode = FALSE
	EndGlobalSection
	GlobalSection(NestedProjects) = preSolution
		{5D546130-209F-4DF4-8FA5-A68F5F6C1AC1} = {99133825-187C-4678-A302-9F6347FEF1F2}
		{ED725F30-0129-4886-A70B-6FFD51789DFC} = {99133825-187C-4678-A302-9F6347FEF1F2}
		{8BE0F5EF-9D81-4212-9EF9-70B5CF1C81A8} = {99133825-187C-4678-A302-9F6347FEF1F2}
		{7E35C80A-DA15-448C-8975-217FE381B91C} = {99133825-187C-4678-A302-9F6347FEF1F2}
		{421C6C52-63B1-4E9A-827F-E9D595461942} = {EAF1F545-C9EC-4F11-A541-7A2102497A67}
		{31686AE5-5FC5-4DEA-96B2-41B2D07A79B8} = {EAF1F545-C9EC-4F11-A541-7A2102497A67}
	EndGlobalSection
EndGlobal
